// !$*UTF8*$!
{
	archiveVersion = 1;
	classes = {
	};
	objectVersion = 77;
	objects = {

/* Begin PBXBuildFile section */
		252D8C7E2F8805A500569170 /* Untitled.swift in Sources */ = {isa = PBXBuildFile; fileRef = 252D8C7D2F8805A200569170 /* Untitled.swift */; };
		252D8C7F2F8805A500569170 /* Untitled.swift in Sources */ = {isa = PBXBuildFile; fileRef = 252D8C7D2F8805A200569170 /* Untitled.swift */; };
		252D8C802F8805A500569170 /* Untitled.swift in Sources */ = {isa = PBXBuildFile; fileRef = 252D8C7D2F8805A200569170 /* Untitled.swift */; };
		255E987D2F2BCB3900C19968 /* AppDelegate.swift in Sources */ = {isa = PBXBuildFile; fileRef = 255E98732F2BCB3900C19968 /* AppDelegate.swift */; };
		255E987E2F2BCB3900C19968 /* SceneDelegate.swift in Sources */ = {isa = PBXBuildFile; fileRef = 255E987A2F2BCB3900C19968 /* SceneDelegate.swift */; };
		255E987F2F2BCB3900C19968 /* ViewController.swift in Sources */ = {isa = PBXBuildFile; fileRef = 255E987B2F2BCB3900C19968 /* ViewController.swift */; };
		255E98802F2BCB3900C19968 /* LaunchScreen.storyboard in Resources */ = {isa = PBXBuildFile; fileRef = 255E98772F2BCB3900C19968 /* LaunchScreen.storyboard */; };
		255E98812F2BCB3900C19968 /* Info.plist in Resources */ = {isa = PBXBuildFile; fileRef = 255E98752F2BCB3900C19968 /* Info.plist */; };
		255E98822F2BCB3900C19968 /* Main.storyboard in Resources */ = {isa = PBXBuildFile; fileRef = 255E98792F2BCB3900C19968 /* Main.storyboard */; };
		255E98832F2BCB3900C19968 /* Assets.xcassets in Resources */ = {isa = PBXBuildFile; fileRef = 255E98742F2BCB3900C19968 /* Assets.xcassets */; };
		255E98842F2BCB3900C19968 /* LaunchScreen.storyboard in Resources */ = {isa = PBXBuildFile; fileRef = 255E98772F2BCB3900C19968 /* LaunchScreen.storyboard */; };
		255E98852F2BCB3900C19968 /* Info.plist in Resources */ = {isa = PBXBuildFile; fileRef = 255E98752F2BCB3900C19968 /* Info.plist */; };
		255E98862F2BCB3900C19968 /* Main.storyboard in Resources */ = {isa = PBXBuildFile; fileRef = 255E98792F2BCB3900C19968 /* Main.storyboard */; };
		255E98872F2BCB3900C19968 /* Assets.xcassets in Resources */ = {isa = PBXBuildFile; fileRef = 255E98742F2BCB3900C19968 /* Assets.xcassets */; };
		255E98882F2BCB3900C19968 /* AppDelegate.swift in Sources */ = {isa = PBXBuildFile; fileRef = 255E98732F2BCB3900C19968 /* AppDelegate.swift */; };
		255E98892F2BCB3900C19968 /* SceneDelegate.swift in Sources */ = {isa = PBXBuildFile; fileRef = 255E987A2F2BCB3900C19968 /* SceneDelegate.swift */; };
		255E988A2F2BCB3900C19968 /* ViewController.swift in Sources */ = {isa = PBXBuildFile; fileRef = 255E987B2F2BCB3900C19968 /* ViewController.swift */; };
		255E988B2F2BCB3900C19968 /* LaunchScreen.storyboard in Resources */ = {isa = PBXBuildFile; fileRef = 255E98772F2BCB3900C19968 /* LaunchScreen.storyboard */; };
		255E988C2F2BCB3900C19968 /* Info.plist in Resources */ = {isa = PBXBuildFile; fileRef = 255E98752F2BCB3900C19968 /* Info.plist */; };
		255E988D2F2BCB3900C19968 /* Main.storyboard in Resources */ = {isa = PBXBuildFile; fileRef = 255E98792F2BCB3900C19968 /* Main.storyboard */; };
		255E988E2F2BCB3900C19968 /* Assets.xcassets in Resources */ = {isa = PBXBuildFile; fileRef = 255E98742F2BCB3900C19968 /* Assets.xcassets */; };
		255E988F2F2BCB3900C19968 /* AppDelegate.swift in Sources */ = {isa = PBXBuildFile; fileRef = 255E98732F2BCB3900C19968 /* AppDelegate.swift */; };
		255E98902F2BCB3900C19968 /* SceneDelegate.swift in Sources */ = {isa = PBXBuildFile; fileRef = 255E987A2F2BCB3900C19968 /* SceneDelegate.swift */; };
		255E98912F2BCB3900C19968 /* ViewController.swift in Sources */ = {isa = PBXBuildFile; fileRef = 255E987B2F2BCB3900C19968 /* ViewController.swift */; };
		255E98942F2BCB4300C19968 /* M2Calculator_harrisonV2Tests.swift in Sources */ = {isa = PBXBuildFile; fileRef = 255E98922F2BCB4300C19968 /* M2Calculator_harrisonV2Tests.swift */; };
		255E98952F2BCB4300C19968 /* M2Calculator_harrisonV2Tests.swift in Sources */ = {isa = PBXBuildFile; fileRef = 255E98922F2BCB4300C19968 /* M2Calculator_harrisonV2Tests.swift */; };
		255E98962F2BCB4300C19968 /* M2Calculator_harrisonV2Tests.swift in Sources */ = {isa = PBXBuildFile; fileRef = 255E98922F2BCB4300C19968 /* M2Calculator_harrisonV2Tests.swift */; };
		255E989A2F2BCB4900C19968 /* M2Calculator_harrisonV2UITestsLaunchTests.swift in Sources */ = {isa = PBXBuildFile; fileRef = 255E98982F2BCB4900C19968 /* M2Calculator_harrisonV2UITestsLaunchTests.swift */; };
		255E989B2F2BCB4900C19968 /* M2Calculator_harrisonV2UITests.swift in Sources */ = {isa = PBXBuildFile; fileRef = 255E98972F2BCB4900C19968 /* M2Calculator_harrisonV2UITests.swift */; };
		255E989C2F2BCB4900C19968 /* M2Calculator_harrisonV2UITestsLaunchTests.swift in Sources */ = {isa = PBXBuildFile; fileRef = 255E98982F2BCB4900C19968 /* M2Calculator_harrisonV2UITestsLaunchTests.swift */; };
		255E989D2F2BCB4900C19968 /* M2Calculator_harrisonV2UITests.swift in Sources */ = {isa = PBXBuildFile; fileRef = 255E98972F2BCB4900C19968 /* M2Calculator_harrisonV2UITests.swift */; };
		255E989E2F2BCB4900C19968 /* M2Calculator_harrisonV2UITestsLaunchTests.swift in Sources */ = {isa = PBXBuildFile; fileRef = 255E98982F2BCB4900C19968 /* M2Calculator_harrisonV2UITestsLaunchTests.swift */; };
		255E989F2F2BCB4900C19968 /* M2Calculator_harrisonV2UITests.swift in Sources */ = {isa = PBXBuildFile; fileRef = 255E98972F2BCB4900C19968 /* M2Calculator_harrisonV2UITests.swift */; };
/* End PBXBuildFile section */

/* Begin PBXContainerItemProxy section */
		258CBA982F291ED600B6554C /* PBXContainerItemProxy */ = {
			isa = PBXContainerItemProxy;
			containerPortal = 258CBA792F291ED400B6554C /* Project object */;
			proxyType = 1;
			remoteGlobalIDString = 258CBA802F291ED400B6554C;
			remoteInfo = M2Calculator_harrison;
		};
		258CBAA22F291ED600B6554C /* PBXContainerItemProxy */ = {
			isa = PBXContainerItemProxy;
			containerPortal = 258CBA792F291ED400B6554C /* Project object */;
			proxyType = 1;
			remoteGlobalIDString = 258CBA802F291ED400B6554C;
			remoteInfo = M2Calculator_harrison;
		};
/* End PBXContainerItemProxy section */

/* Begin PBXFileReference section */
		252D8C7D2F8805A200569170 /* Untitled.swift */ = {isa = PBXFileReference; lastKnownFileType = sourcecode.swift; path = Untitled.swift; sourceTree = "<group>"; };
		255E98732F2BCB3900C19968 /* AppDelegate.swift */ = {isa = PBXFileReference; lastKnownFileType = sourcecode.swift; path = AppDelegate.swift; sourceTree = "<group>"; };
		255E98742F2BCB3900C19968 /* Assets.xcassets */ = {isa = PBXFileReference; lastKnownFileType = folder.assetcatalog; path = Assets.xcassets; sourceTree = "<group>"; };
		255E98752F2BCB3900C19968 /* Info.plist */ = {isa = PBXFileReference; lastKnownFileType = text.plist.xml; path = Info.plist; sourceTree = "<group>"; };
		255E98762F2BCB3900C19968 /* Base */ = {isa = PBXFileReference; lastKnownFileType = file.storyboard; name = Base; path = Base.lproj/LaunchScreen.storyboard; sourceTree = "<group>"; };
		255E98782F2BCB3900C19968 /* Base */ = {isa = PBXFileReference; lastKnownFileType = file.storyboard; name = Base; path = Base.lproj/Main.storyboard; sourceTree = "<group>"; };
		255E987A2F2BCB3900C19968 /* SceneDelegate.swift */ = {isa = PBXFileReference; lastKnownFileType = sourcecode.swift; path = SceneDelegate.swift; sourceTree = "<group>"; };
		255E987B2F2BCB3900C19968 /* ViewController.swift */ = {isa = PBXFileReference; lastKnownFileType = sourcecode.swift; path = ViewController.swift; sourceTree = "<group>"; };
		255E98922F2BCB4300C19968 /* M2Calculator_harrisonV2Tests.swift */ = {isa = PBXFileReference; lastKnownFileType = sourcecode.swift; path = M2Calculator_harrisonV2Tests.swift; sourceTree = "<group>"; };
		255E98972F2BCB4900C19968 /* M2Calculator_harrisonV2UITests.swift */ = {isa = PBXFileReference; lastKnownFileType = sourcecode.swift; path = M2Calculator_harrisonV2UITests.swift; sourceTree = "<group>"; };
		255E98982F2BCB4900C19968 /* M2Calculator_harrisonV2UITestsLaunchTests.swift */ = {isa = PBXFileReference; lastKnownFileType = sourcecode.swift; path = M2Calculator_harrisonV2UITestsLaunchTests.swift; sourceTree = "<group>"; };
		258CBA812F291ED400B6554C /* M2Calculator_harrison.app */ = {isa = PBXFileReference; explicitFileType = wrapper.application; includeInIndex = 0; path = M2Calculator_harrison.app; sourceTree = BUILT_PRODUCTS_DIR; };
		258CBA972F291ED600B6554C /* M2Calculator_harrisonTests.xctest */ = {isa = PBXFileReference; explicitFileType = wrapper.cfbundle; includeInIndex = 0; path = M2Calculator_harrisonTests.xctest; sourceTree = BUILT_PRODUCTS_DIR; };
		258CBAA12F291ED600B6554C /* M2Calculator_harrisonUITests.xctest */ = {isa = PBXFileReference; explicitFileType = wrapper.cfbundle; includeInIndex = 0; path = M2Calculator_harrisonUITests.xctest; sourceTree = BUILT_PRODUCTS_DIR; };
/* End PBXFileReference section */

/* Begin PBXFileSystemSynchronizedRootGroup section */
		255C4F772F758A790028A91F /* Model */ = {
			isa = PBXFileSystemSynchronizedRootGroup;
			path = Model;
			sourceTree = "<group>";
		};
/* End PBXFileSystemSynchronizedRootGroup section */

/* Begin PBXFrameworksBuildPhase section */
		258CBA7E2F291ED400B6554C /* Frameworks */ = {
			isa = PBXFrameworksBuildPhase;
			buildActionMask = 2147483647;
			files = (
			);
			runOnlyForDeploymentPostprocessing = 0;
		};
		258CBA942F291ED600B6554C /* Frameworks */ = {
			isa = PBXFrameworksBuildPhase;
			buildActionMask = 2147483647;
			files = (
			);
			runOnlyForDeploymentPostprocessing = 0;
		};
		258CBA9E2F291ED600B6554C /* Frameworks */ = {
			isa = PBXFrameworksBuildPhase;
			buildActionMask = 2147483647;
			files = (
			);
			runOnlyForDeploymentPostprocessing = 0;
		};
/* End PBXFrameworksBuildPhase section */

/* Begin PBXGroup section */
		255E987C2F2BCB3900C19968 /* M2Calculator_harrisonV2 */ = {
			isa = PBXGroup;
			children = (
				255E98932F2BCB4300C19968 /* M2Calculator_harrisonV2Tests */,
				255E98732F2BCB3900C19968 /* AppDelegate.swift */,
				255E98742F2BCB3900C19968 /* Assets.xcassets */,
				255E98752F2BCB3900C19968 /* Info.plist */,
				255E98772F2BCB3900C19968 /* LaunchScreen.storyboard */,
				255E98792F2BCB3900C19968 /* Main.storyboard */,
				255E987A2F2BCB3900C19968 /* SceneDelegate.swift */,
				255E987B2F2BCB3900C19968 /* ViewController.swift */,
				252D8C7D2F8805A200569170 /* Untitled.swift */,
				255E98992F2BCB4900C19968 /* M2Calculator_harrisonV2UITests */,
			);
			path = M2Calculator_harrisonV2;
			sourceTree = "<group>";
		};
		255E98932F2BCB4300C19968 /* M2Calculator_harrisonV2Tests */ = {
			isa = PBXGroup;
			children = (
				255C4F772F758A790028A91F /* Model */,
				255E98922F2BCB4300C19968 /* M2Calculator_harrisonV2Tests.swift */,
			);
			path = M2Calculator_harrisonV2Tests;
			sourceTree = "<group>";
		};
		255E98992F2BCB4900C19968 /* M2Calculator_harrisonV2UITests */ = {
			isa = PBXGroup;
			children = (
				255E98972F2BCB4900C19968 /* M2Calculator_harrisonV2UITests.swift */,
				255E98982F2BCB4900C19968 /* M2Calculator_harrisonV2UITestsLaunchTests.swift */,
			);
			path = M2Calculator_harrisonV2UITests;
			sourceTree = "<group>";
		};
		258CBA782F291ED400B6554C = {
			isa = PBXGroup;
			children = (
				255E987C2F2BCB3900C19968 /* M2Calculator_harrisonV2 */,
				258CBA822F291ED400B6554C /* Products */,
			);
			sourceTree = "<group>";
		};
		258CBA822F291ED400B6554C /* Products */ = {
			isa = PBXGroup;
			children = (
				258CBA812F291ED400B6554C /* M2Calculator_harrison.app */,
				258CBA972F291ED600B6554C /* M2Calculator_harrisonTests.xctest */,
				258CBAA12F291ED600B6554C /* M2Calculator_harrisonUITests.xctest */,
			);
			name = Products;
			sourceTree = "<group>";
		};
/* End PBXGroup section */

/* Begin PBXNativeTarget section */
		258CBA802F291ED400B6554C /* M2Calculator_harrison */ = {
			isa = PBXNativeTarget;
			buildConfigurationList = 258CBAAA2F291ED600B6554C /* Build configuration list for PBXNativeTarget "M2Calculator_harrison" */;
			buildPhases = (
				258CBA7D2F291ED400B6554C /* Sources */,
				258CBA7E2F291ED400B6554C /* Frameworks */,
				258CBA7F2F291ED400B6554C /* Resources */,
			);
			buildRules = (
			);
			dependencies = (
			);
			fileSystemSynchronizedGroups = (
				255C4F772F758A790028A91F /* Model */,
			);
			name = M2Calculator_harrison;
			packageProductDependencies = (
			);
			productName = M2Calculator_harrison;
			productReference = 258CBA812F291ED400B6554C /* M2Calculator_harrison.app */;
			productType = "com.apple.product-type.application";
		};
		258CBA962F291ED600B6554C /* M2Calculator_harrisonTests */ = {
			isa = PBXNativeTarget;
			buildConfigurationList = 258CBAAF2F291ED600B6554C /* Build configuration list for PBXNativeTarget "M2Calculator_harrisonTests" */;
			buildPhases = (
				258CBA932F291ED600B6554C /* Sources */,
				258CBA942F291ED600B6554C /* Frameworks */,
				258CBA952F291ED600B6554C /* Resources */,
			);
			buildRules = (
			);
			dependencies = (
				258CBA992F291ED600B6554C /* PBXTargetDependency */,
			);
			fileSystemSynchronizedGroups = (
				255C4F772F758A790028A91F /* Model */,
			);
			name = M2Calculator_harrisonTests;
			packageProductDependencies = (
			);
			productName = M2Calculator_harrisonTests;
			productReference = 258CBA972F291ED600B6554C /* M2Calculator_harrisonTests.xctest */;
			productType = "com.apple.product-type.bundle.unit-test";
		};
		258CBAA02F291ED600B6554C /* M2Calculator_harrisonUITests */ = {
			isa = PBXNativeTarget;
			buildConfigurationList = 258CBAB22F291ED600B6554C /* Build configuration list for PBXNativeTarget "M2Calculator_harrisonUITests" */;
			buildPhases = (
				258CBA9D2F291ED600B6554C /* Sources */,
				258CBA9E2F291ED600B6554C /* Frameworks */,
				258CBA9F2F291ED600B6554C /* Resources */,
			);
			buildRules = (
			);
			dependencies = (
				258CBAA32F291ED600B6554C /* PBXTargetDependency */,
			);
			fileSystemSynchronizedGroups = (
				255C4F772F758A790028A91F /* Model */,
			);
			name = M2Calculator_harrisonUITests;
			packageProductDependencies = (
			);
			productName = M2Calculator_harrisonUITests;
			productReference = 258CBAA12F291ED600B6554C /* M2Calculator_harrisonUITests.xctest */;
			productType = "com.apple.product-type.bundle.ui-testing";
		};
/* End PBXNativeTarget section */

/* Begin PBXProject section */
		258CBA792F291ED400B6554C /* Project object */ = {
			isa = PBXProject;
			attributes = {
				BuildIndependentTargetsInParallel = 1;
				LastSwiftUpdateCheck = 1640;
				LastUpgradeCheck = 1640;
				TargetAttributes = {
					258CBA802F291ED400B6554C = {
						CreatedOnToolsVersion = 16.4;
					};
					258CBA962F291ED600B6554C = {
						CreatedOnToolsVersion = 16.4;
						TestTargetID = 258CBA802F291ED400B6554C;
					};
					258CBAA02F291ED600B6554C = {
						CreatedOnToolsVersion = 16.4;
						TestTargetID = 258CBA802F291ED400B6554C;
					};
				};
			};
			buildConfigurationList = 258CBA7C2F291ED400B6554C /* Build configuration list for PBXProject "M2Calculator_harrisonV2" */;
			developmentRegion = en;
			hasScannedForEncodings = 0;
			knownRegions = (
				en,
				Base,
			);
			mainGroup = 258CBA782F291ED400B6554C;
			minimizedProjectReferenceProxies = 1;
			preferredProjectObjectVersion = 77;
			productRefGroup = 258CBA822F291ED400B6554C /* Products */;
			projectDirPath = "";
			projectRoot = "";
			targets = (
				258CBA802F291ED400B6554C /* M2Calculator_harrison */,
				258CBA962F291ED600B6554C /* M2Calculator_harrisonTests */,
				258CBAA02F291ED600B6554C /* M2Calculator_harrisonUITests */,
			);
		};
/* End PBXProject section */

/* Begin PBXResourcesBuildPhase section */
		258CBA7F2F291ED400B6554C /* Resources */ = {
			isa = PBXResourcesBuildPhase;
			buildActionMask = 2147483647;
			files = (
				255E988B2F2BCB3900C19968 /* LaunchScreen.storyboard in Resources */,
				255E988C2F2BCB3900C19968 /* Info.plist in Resources */,
				255E988D2F2BCB3900C19968 /* Main.storyboard in Resources */,
				255E988E2F2BCB3900C19968 /* Assets.xcassets in Resources */,
			);
			runOnlyForDeploymentPostprocessing = 0;
		};
		258CBA952F291ED600B6554C /* Resources */ = {
			isa = PBXResourcesBuildPhase;
			buildActionMask = 2147483647;
			files = (
				255E98802F2BCB3900C19968 /* LaunchScreen.storyboard in Resources */,
				255E98812F2BCB3900C19968 /* Info.plist in Resources */,
				255E98822F2BCB3900C19968 /* Main.storyboard in Resources */,
				255E98832F2BCB3900C19968 /* Assets.xcassets in Resources */,
			);
			runOnlyForDeploymentPostprocessing = 0;
		};
		258CBA9F2F291ED600B6554C /* Resources */ = {
			isa = PBXResourcesBuildPhase;
			buildActionMask = 2147483647;
			files = (
				255E98842F2BCB3900C19968 /* LaunchScreen.storyboard in Resources */,
				255E98852F2BCB3900C19968 /* Info.plist in Resources */,
				255E98862F2BCB3900C19968 /* Main.storyboard in Resources */,
				255E98872F2BCB3900C19968 /* Assets.xcassets in Resources */,
			);
			runOnlyForDeploymentPostprocessing = 0;
		};
/* End PBXResourcesBuildPhase section */

/* Begin PBXSourcesBuildPhase section */
		258CBA7D2F291ED400B6554C /* Sources */ = {
			isa = PBXSourcesBuildPhase;
			buildActionMask = 2147483647;
			files = (
				255E988F2F2BCB3900C19968 /* AppDelegate.swift in Sources */,
				255E98902F2BCB3900C19968 /* SceneDelegate.swift in Sources */,
				252D8C7F2F8805A500569170 /* Untitled.swift in Sources */,
				255E989C2F2BCB4900C19968 /* M2Calculator_harrisonV2UITestsLaunchTests.swift in Sources */,
				255E989D2F2BCB4900C19968 /* M2Calculator_harrisonV2UITests.swift in Sources */,
				255E98952F2BCB4300C19968 /* M2Calculator_harrisonV2Tests.swift in Sources */,
				255E98912F2BCB3900C19968 /* ViewController.swift in Sources */,
			);
			runOnlyForDeploymentPostprocessing = 0;
		};
		258CBA932F291ED600B6554C /* Sources */ = {
			isa = PBXSourcesBuildPhase;
			buildActionMask = 2147483647;
			files = (
				255E987D2F2BCB3900C19968 /* AppDelegate.swift in Sources */,
				255E987E2F2BCB3900C19968 /* SceneDelegate.swift in Sources */,
				252D8C7E2F8805A500569170 /* Untitled.swift in Sources */,
				255E989E2F2BCB4900C19968 /* M2Calculator_harrisonV2UITestsLaunchTests.swift in Sources */,
				255E989F2F2BCB4900C19968 /* M2Calculator_harrisonV2UITests.swift in Sources */,
				255E98962F2BCB4300C19968 /* M2Calculator_harrisonV2Tests.swift in Sources */,
				255E987F2F2BCB3900C19968 /* ViewController.swift in Sources */,
			);
			runOnlyForDeploymentPostprocessing = 0;
		};
		258CBA9D2F291ED600B6554C /* Sources */ = {
			isa = PBXSourcesBuildPhase;
			buildActionMask = 2147483647;
			files = (
				255E98882F2BCB3900C19968 /* AppDelegate.swift in Sources */,
				255E98892F2BCB3900C19968 /* SceneDelegate.swift in Sources */,
				252D8C802F8805A500569170 /* Untitled.swift in Sources */,
				255E989A2F2BCB4900C19968 /* M2Calculator_harrisonV2UITestsLaunchTests.swift in Sources */,
				255E989B2F2BCB4900C19968 /* M2Calculator_harrisonV2UITests.swift in Sources */,
				255E98942F2BCB4300C19968 /* M2Calculator_harrisonV2Tests.swift in Sources */,
				255E988A2F2BCB3900C19968 /* ViewController.swift in Sources */,
			);
			runOnlyForDeploymentPostprocessing = 0;
		};
/* End PBXSourcesBuildPhase section */

/* Begin PBXTargetDependency section */
		258CBA992F291ED600B6554C /* PBXTargetDependency */ = {
			isa = PBXTargetDependency;
			target = 258CBA802F291ED400B6554C /* M2Calculator_harrison */;
			targetProxy = 258CBA982F291ED600B6554C /* PBXContainerItemProxy */;
		};
		258CBAA32F291ED600B6554C /* PBXTargetDependency */ = {
			isa = PBXTargetDependency;
			target = 258CBA802F291ED400B6554C /* M2Calculator_harrison */;
			targetProxy = 258CBAA22F291ED600B6554C /* PBXContainerItemProxy */;
		};
/* End PBXTargetDependency section */

/* Begin PBXVariantGroup section */
		255E98772F2BCB3900C19968 /* LaunchScreen.storyboard */ = {
			isa = PBXVariantGroup;
			children = (
				255E98762F2BCB3900C19968 /* Base */,
			);
			name = LaunchScreen.storyboard;
			sourceTree = "<group>";
		};
		255E98792F2BCB3900C19968 /* Main.storyboard */ = {
			isa = PBXVariantGroup;
			children = (
				255E98782F2BCB3900C19968 /* Base */,
			);
			name = Main.storyboard;
			sourceTree = "<group>";
		};
/* End PBXVariantGroup section */

/* Begin XCBuildConfiguration section */
		258CBAAB2F291ED600B6554C /* Debug */ = {
			isa = XCBuildConfiguration;
			buildSettings = {
				ASSETCATALOG_COMPILER_APPICON_NAME = AppIcon;
				ASSETCATALOG_COMPILER_GLOBAL_ACCENT_COLOR_NAME = AccentColor;
				CODE_SIGN_STYLE = Automatic;
				CURRENT_PROJECT_VERSION = 1;
				GENERATE_INFOPLIST_FILE = YES;
				INFOPLIST_FILE = M2Calculator_harrison/Info.plist;
				INFOPLIST_KEY_UIApplicationSupportsIndirectInputEvents = YES;
				INFOPLIST_KEY_UILaunchStoryboardName = LaunchScreen;
				INFOPLIST_KEY_UIMainStoryboardFile = Main;
				INFOPLIST_KEY_UISupportedInterfaceOrientations_iPad = "UIInterfaceOrientationPortrait UIInterfaceOrientationPortraitUpsideDown UIInterfaceOrientationLandscapeLeft UIInterfaceOrientationLandscapeRight";
				INFOPLIST_KEY_UISupportedInterfaceOrientations_iPhone = "UIInterfaceOrientationPortrait UIInterfaceOrientationLandscapeLeft UIInterfaceOrientationLandscapeRight";
				LD_RUNPATH_SEARCH_PATHS = (
					"$(inherited)",
					"@executable_path/Frameworks",
				);
				MARKETING_VERSION = 1.0;
				PRODUCT_BUNDLE_IDENTIFIER = "Harrison.M2Calculator-harrison";
				PRODUCT_NAME = "$(TARGET_NAME)";
				SWIFT_EMIT_LOC_STRINGS = YES;
				SWIFT_VERSION = 5.0;
				TARGETED_DEVICE_FAMILY = "1,2";
			};
			name = Debug;
		};
		258CBAAC2F291ED600B6554C /* Release */ = {
			isa = XCBuildConfiguration;
			buildSettings = {
				ASSETCATALOG_COMPILER_APPICON_NAME = AppIcon;
				ASSETCATALOG_COMPILER_GLOBAL_ACCENT_COLOR_NAME = AccentColor;
				CODE_SIGN_STYLE = Automatic;
				CURRENT_PROJECT_VERSION = 1;
				GENERATE_INFOPLIST_FILE = YES;
				INFOPLIST_FILE = M2Calculator_harrison/Info.plist;
				INFOPLIST_KEY_UIApplicationSupportsIndirectInputEvents = YES;
				INFOPLIST_KEY_UILaunchStoryboardName = LaunchScreen;
				INFOPLIST_KEY_UIMainStoryboardFile = Main;
				INFOPLIST_KEY_UISupportedInterfaceOrientations_iPad = "UIInterfaceOrientationPortrait UIInterfaceOrientationPortraitUpsideDown UIInterfaceOrientationLandscapeLeft UIInterfaceOrientationLandscapeRight";
				INFOPLIST_KEY_UISupportedInterfaceOrientations_iPhone = "UIInterfaceOrientationPortrait UIInterfaceOrientationLandscapeLeft UIInterfaceOrientationLandscapeRight";
				LD_RUNPATH_SEARCH_PATHS = (
					"$(inherited)",
					"@executable_path/Frameworks",
				);
				MARKETING_VERSION = 1.0;
				PRODUCT_BUNDLE_IDENTIFIER = "Harrison.M2Calculator-harrison";
				PRODUCT_NAME = "$(TARGET_NAME)";
				SWIFT_EMIT_LOC_STRINGS = YES;
				SWIFT_VERSION = 5.0;
				TARGETED_DEVICE_FAMILY = "1,2";
			};
			name = Release;
		};
		258CBAAD2F291ED600B6554C /* Debug */ = {
			isa = XCBuildConfiguration;
			buildSettings = {
				ALWAYS_SEARCH_USER_PATHS = NO;
				ASSETCATALOG_COMPILER_GENERATE_SWIFT_ASSET_SYMBOL_EXTENSIONS = YES;
				CLANG_ANALYZER_NONNULL = YES;
				CLANG_ANALYZER_NUMBER_OBJECT_CONVERSION = YES_AGGRESSIVE;
				CLANG_CXX_LANGUAGE_STANDARD = "gnu++20";
				CLANG_ENABLE_MODULES = YES;
				CLANG_ENABLE_OBJC_ARC = YES;
				CLANG_ENABLE_OBJC_WEAK = YES;
				CLANG_WARN_BLOCK_CAPTURE_AUTORELEASING = YES;
				CLANG_WARN_BOOL_CONVERSION = YES;
				CLANG_WARN_COMMA = YES;
				CLANG_WARN_CONSTANT_CONVERSION = YES;
				CLANG_WARN_DEPRECATED_OBJC_IMPLEMENTATIONS = YES;
				CLANG_WARN_DIRECT_OBJC_ISA_USAGE = YES_ERROR;
				CLANG_WARN_DOCUMENTATION_COMMENTS = YES;
				CLANG_WARN_EMPTY_BODY = YES;
				CLANG_WARN_ENUM_CONVERSION = YES;
				CLANG_WARN_INFINITE_RECURSION = YES;
				CLANG_WARN_INT_CONVERSION = YES;
				CLANG_WARN_NON_LITERAL_NULL_CONVERSION = YES;
				CLANG_WARN_OBJC_IMPLICIT_RETAIN_SELF = YES;
				CLANG_WARN_OBJC_LITERAL_CONVERSION = YES;
				CLANG_WARN_OBJC_ROOT_CLASS = YES_ERROR;
				CLANG_WARN_QUOTED_INCLUDE_IN_FRAMEWORK_HEADER = YES;
				CLANG_WARN_RANGE_LOOP_ANALYSIS = YES;
				CLANG_WARN_STRICT_PROTOTYPES = YES;
				CLANG_WARN_SUSPICIOUS_MOVE = YES;
				CLANG_WARN_UNGUARDED_AVAILABILITY = YES_AGGRESSIVE;
				CLANG_WARN_UNREACHABLE_CODE = YES;
				CLANG_WARN__DUPLICATE_METHOD_MATCH = YES;
				COPY_PHASE_STRIP = NO;
				DEBUG_INFORMATION_FORMAT = dwarf;
				ENABLE_STRICT_OBJC_MSGSEND = YES;
				ENABLE_TESTABILITY = YES;
				ENABLE_USER_SCRIPT_SANDBOXING = YES;
				GCC_C_LANGUAGE_STANDARD = gnu17;
				GCC_DYNAMIC_NO_PIC = NO;
				GCC_NO_COMMON_BLOCKS = YES;
				GCC_OPTIMIZATION_LEVEL = 0;
				GCC_PREPROCESSOR_DEFINITIONS = (
					"DEBUG=1",
					"$(inherited)",
				);
				GCC_WARN_64_TO_32_BIT_CONVERSION = YES;
				GCC_WARN_ABOUT_RETURN_TYPE = YES_ERROR;
				GCC_WARN_UNDECLARED_SELECTOR = YES;
				GCC_WARN_UNINITIALIZED_AUTOS = YES_AGGRESSIVE;
				GCC_WARN_UNUSED_FUNCTION = YES;
				GCC_WARN_UNUSED_VARIABLE = YES;
				IPHONEOS_DEPLOYMENT_TARGET = 18.5;
				LOCALIZATION_PREFERS_STRING_CATALOGS = YES;
				MTL_ENABLE_DEBUG_INFO = INCLUDE_SOURCE;
				MTL_FAST_MATH = YES;
				ONLY_ACTIVE_ARCH = YES;
				SDKROOT = iphoneos;
				SWIFT_ACTIVE_COMPILATION_CONDITIONS = "DEBUG $(inherited)";
				SWIFT_OPTIMIZATION_LEVEL = "-Onone";
			};
			name = Debug;
		};
		258CBAAE2F291ED600B6554C /* Release */ = {
			isa = XCBuildConfiguration;
			buildSettings = {
				ALWAYS_SEARCH_USER_PATHS = NO;
				ASSETCATALOG_COMPILER_GENERATE_SWIFT_ASSET_SYMBOL_EXTENSIONS = YES;
				CLANG_ANALYZER_NONNULL = YES;
				CLANG_ANALYZER_NUMBER_OBJECT_CONVERSION = YES_AGGRESSIVE;
				CLANG_CXX_LANGUAGE_STANDARD = "gnu++20";
				CLANG_ENABLE_MODULES = YES;
				CLANG_ENABLE_OBJC_ARC = YES;
				CLANG_ENABLE_OBJC_WEAK = YES;
				CLANG_WARN_BLOCK_CAPTURE_AUTORELEASING = YES;
				CLANG_WARN_BOOL_CONVERSION = YES;
				CLANG_WARN_COMMA = YES;
				CLANG_WARN_CONSTANT_CONVERSION = YES;
				CLANG_WARN_DEPRECATED_OBJC_IMPLEMENTATIONS = YES;
				CLANG_WARN_DIRECT_OBJC_ISA_USAGE = YES_ERROR;
				CLANG_WARN_DOCUMENTATION_COMMENTS = YES;
				CLANG_WARN_EMPTY_BODY = YES;
				CLANG_WARN_ENUM_CONVERSION = YES;
				CLANG_WARN_INFINITE_RECURSION = YES;
				CLANG_WARN_INT_CONVERSION = YES;
				CLANG_WARN_NON_LITERAL_NULL_CONVERSION = YES;
				CLANG_WARN_OBJC_IMPLICIT_RETAIN_SELF = YES;
				CLANG_WARN_OBJC_LITERAL_CONVERSION = YES;
				CLANG_WARN_OBJC_ROOT_CLASS = YES_ERROR;
				CLANG_WARN_QUOTED_INCLUDE_IN_FRAMEWORK_HEADER = YES;
				CLANG_WARN_RANGE_LOOP_ANALYSIS = YES;
				CLANG_WARN_STRICT_PROTOTYPES = YES;
				CLANG_WARN_SUSPICIOUS_MOVE = YES;
				CLANG_WARN_UNGUARDED_AVAILABILITY = YES_AGGRESSIVE;
				CLANG_WARN_UNREACHABLE_CODE = YES;
				CLANG_WARN__DUPLICATE_METHOD_MATCH = YES;
				COPY_PHASE_STRIP = NO;
				DEBUG_INFORMATION_FORMAT = "dwarf-with-dsym";
				ENABLE_NS_ASSERTIONS = NO;
				ENABLE_STRICT_OBJC_MSGSEND = YES;
				ENABLE_USER_SCRIPT_SANDBOXING = YES;
				GCC_C_LANGUAGE_STANDARD = gnu17;
				GCC_NO_COMMON_BLOCKS = YES;
				GCC_WARN_64_TO_32_BIT_CONVERSION = YES;
				GCC_WARN_ABOUT_RETURN_TYPE = YES_ERROR;
				GCC_WARN_UNDECLARED_SELECTOR = YES;
				GCC_WARN_UNINITIALIZED_AUTOS = YES_AGGRESSIVE;
				GCC_WARN_UNUSED_FUNCTION = YES;
				GCC_WARN_UNUSED_VARIABLE = YES;
				IPHONEOS_DEPLOYMENT_TARGET = 18.5;
				LOCALIZATION_PREFERS_STRING_CATALOGS = YES;
				MTL_ENABLE_DEBUG_INFO = NO;
				MTL_FAST_MATH = YES;
				SDKROOT = iphoneos;
				SWIFT_COMPILATION_MODE = wholemodule;
				VALIDATE_PRODUCT = YES;
			};
			name = Release;
		};
		258CBAB02F291ED600B6554C /* Debug */ = {
			isa = XCBuildConfiguration;
			buildSettings = {
				BUNDLE_LOADER = "$(TEST_HOST)";
				CODE_SIGN_STYLE = Automatic;
				CURRENT_PROJECT_VERSION = 1;
				GENERATE_INFOPLIST_FILE = YES;
				IPHONEOS_DEPLOYMENT_TARGET = 18.5;
				MARKETING_VERSION = 1.0;
				PRODUCT_BUNDLE_IDENTIFIER = "Harrison.M2Calculator-harrisonTests";
				PRODUCT_NAME = "$(TARGET_NAME)";
				SWIFT_EMIT_LOC_STRINGS = NO;
				SWIFT_VERSION = 5.0;
				TARGETED_DEVICE_FAMILY = "1,2";
				TEST_HOST = "$(BUILT_PRODUCTS_DIR)/M2Calculator_harrison.app/$(BUNDLE_EXECUTABLE_FOLDER_PATH)/M2Calculator_harrison";
			};
			name = Debug;
		};
		258CBAB12F291ED600B6554C /* Release */ = {
			isa = XCBuildConfiguration;
			buildSettings = {
				BUNDLE_LOADER = "$(TEST_HOST)";
				CODE_SIGN_STYLE = Automatic;
				CURRENT_PROJECT_VERSION = 1;
				GENERATE_INFOPLIST_FILE = YES;
				IPHONEOS_DEPLOYMENT_TARGET = 18.5;
				MARKETING_VERSION = 1.0;
				PRODUCT_BUNDLE_IDENTIFIER = "Harrison.M2Calculator-harrisonTests";
				PRODUCT_NAME = "$(TARGET_NAME)";
				SWIFT_EMIT_LOC_STRINGS = NO;
				SWIFT_VERSION = 5.0;
				TARGETED_DEVICE_FAMILY = "1,2";
				TEST_HOST = "$(BUILT_PRODUCTS_DIR)/M2Calculator_harrison.app/$(BUNDLE_EXECUTABLE_FOLDER_PATH)/M2Calculator_harrison";
			};
			name = Release;
		};
		258CBAB32F291ED600B6554C /* Debug */ = {
			isa = XCBuildConfiguration;
			buildSettings = {
				CODE_SIGN_STYLE = Automatic;
				CURRENT_PROJECT_VERSION = 1;
				GENERATE_INFOPLIST_FILE = YES;
				MARKETING_VERSION = 1.0;
				PRODUCT_BUNDLE_IDENTIFIER = "Harrison.M2Calculator-harrisonUITests";
				PRODUCT_NAME = "$(TARGET_NAME)";
				SWIFT_EMIT_LOC_STRINGS = NO;
				SWIFT_VERSION = 5.0;
				TARGETED_DEVICE_FAMILY = "1,2";
				TEST_TARGET_NAME = M2Calculator_harrison;
			};
			name = Debug;
		};
		258CBAB42F291ED600B6554C /* Release */ = {
			isa = XCBuildConfiguration;
			buildSettings = {
				CODE_SIGN_STYLE = Automatic;
				CURRENT_PROJECT_VERSION = 1;
				GENERATE_INFOPLIST_FILE = YES;
				MARKETING_VERSION = 1.0;
				PRODUCT_BUNDLE_IDENTIFIER = "Harrison.M2Calculator-harrisonUITests";
				PRODUCT_NAME = "$(TARGET_NAME)";
				SWIFT_EMIT_LOC_STRINGS = NO;
				SWIFT_VERSION = 5.0;
				TARGETED_DEVICE_FAMILY = "1,2";
				TEST_TARGET_NAME = M2Calculator_harrison;
			};
			name = Release;
		};
/* End XCBuildConfiguration section */

/* Begin XCConfigurationList section */
		258CBA7C2F291ED400B6554C /* Build configuration list for PBXProject "M2Calculator_harrisonV2" */ = {
			isa = XCConfigurationList;
			buildConfigurations = (
				258CBAAD2F291ED600B6554C /* Debug */,
				258CBAAE2F291ED600B6554C /* Release */,
			);
			defaultConfigurationIsVisible = 0;
			defaultConfigurationName = Release;
		};
		258CBAAA2F291ED600B6554C /* Build configuration list for PBXNativeTarget "M2Calculator_harrison" */ = {
			isa = XCConfigurationList;
			buildConfigurations = (
				258CBAAB2F291ED600B6554C /* Debug */,
				258CBAAC2F291ED600B6554C /* Release */,
			);
			defaultConfigurationIsVisible = 0;
			defaultConfigurationName = Release;
		};
		258CBAAF2F291ED600B6554C /* Build configuration list for PBXNativeTarget "M2Calculator_harrisonTests" */ = {
			isa = XCConfigurationList;
			buildConfigurations = (
				258CBAB02F291ED600B6554C /* Debug */,
				258CBAB12F291ED600B6554C /* Release */,
			);
			defaultConfigurationIsVisible = 0;
			defaultConfigurationName = Release;
		};
		258CBAB22F291ED600B6554C /* Build configuration list for PBXNativeTarget "M2Calculator_harrisonUITests" */ = {
			isa = XCConfigurationList;
			buildConfigurations = (
				258CBAB32F291ED600B6554C /* Debug */,
				258CBAB42F291ED600B6554C /* Release */,
			);
			defaultConfigurationIsVisible = 0;
			defaultConfigurationName = Release;
		};
/* End XCConfigurationList section */
	};
	rootObject = 258CBA792F291ED400B6554C /* Project object */;
}
