// !$*UTF8*$!
{
	archiveVersion = 1;
	classes = {
	};
	objectVersion = 77;
	objects = {

/* Begin PBXContainerItemProxy section */
		258CBA982F291ED600B6554C /* PBXContainerItemProxy */ = {
			isa = PBXContainerItemProxy;
			containerPortal = 258CBA792F291ED400B6554C /* Project object */;
			proxyType = 1;
			remoteGlobalIDString = 258CBA802F291ED400B6554C;
			remoteInfo = M2Calculator_harrison;
		};
		258CBAA22F291ED600B6554C /* PBXContainerItemProxy */ = {
			isa = PBXContainerItemProxy;
			containerPortal = 258CBA792F291ED400B6554C /* Project object */;
			proxyType = 1;
			remoteGlobalIDString = 258CBA802F291ED400B6554C;
			remoteInfo = M2Calculator_harrison;
		};
/* End PBXContainerItemProxy section */

/* Begin PBXFileReference section */
		258CBA812F291ED400B6554C /* M2Calculator_harrison.app */ = {isa = PBXFileReference; explicitFileType = wrapper.application; includeInIndex = 0; path = M2Calculator_harrison.app; sourceTree = BUILT_PRODUCTS_DIR; };
		258CBA972F291ED600B6554C /* M2Calculator_harrisonTests.xctest */ = {isa = PBXFileReference; explicitFileType = wrapper.cfbundle; includeInIndex = 0; path = M2Calculator_harrisonTests.xctest; sourceTree = BUILT_PRODUCTS_DIR; };
		258CBAA12F291ED600B6554C /* M2Calculator_harrisonUITests.xctest */ = {isa = PBXFileReference; explicitFileType = wrapper.cfbundle; includeInIndex = 0; path = M2Calculator_harrisonUITests.xctest; sourceTree = BUILT_PRODUCTS_DIR; };
/* End PBXFileReference section */

/* Begin PBXFileSystemSynchronizedBuildFileExceptionSet section */
		258CBAA92F291ED600B6554C /* Exceptions for "M2Calculator_harrison" folder in "M2Calculator_harrison" target */ = {
			isa = PBXFileSystemSynchronizedBuildFileExceptionSet;
			membershipExceptions = (
				Info.plist,
			);
			target = 258CBA802F291ED400B6554C /* M2Calculator_harrison */;
		};
/* End PBXFileSystemSynchronizedBuildFileExceptionSet section */

/* Begin PBXFileSystemSynchronizedRootGroup section */
		258CBA832F291ED400B6554C /* M2Calculator_harrison */ = {
			isa = PBXFileSystemSynchronizedRootGroup;
			exceptions = (
				258CBAA92F291ED600B6554C /* Exceptions for "M2Calculator_harrison" folder in "M2Calculator_harrison" target */,
			);
			path = M2Calculator_harrison;
			sourceTree = "<group>";
		};
		258CBA9A2F291ED600B6554C /* M2Calculator_harrisonTests */ = {
			isa = PBXFileSystemSynchronizedRootGroup;
			path = M2Calculator_harrisonTests;
			sourceTree = "<group>";
		};
		258CBAA42F291ED600B6554C /* M2Calculator_harrisonUITests */ = {
			isa = PBXFileSystemSynchronizedRootGroup;
			path = M2Calculator_harrisonUITests;
			sourceTree = "<group>";
		};
/* End PBXFileSystemSynchronizedRootGroup section */

/* Begin PBXFrameworksBuildPhase section */
		258CBA7E2F291ED400B6554C /* Frameworks */ = {
			isa = PBXFrameworksBuildPhase;
			buildActionMask = 2147483647;
			files = (
			);
			runOnlyForDeploymentPostprocessing = 0;
		};
		258CBA942F291ED600B6554C /* Frameworks */ = {
			isa = PBXFrameworksBuildPhase;
			buildActionMask = 2147483647;
			files = (
			);
			runOnlyForDeploymentPostprocessing = 0;
		};
		258CBA9E2F291ED600B6554C /* Frameworks */ = {
			isa = PBXFrameworksBuildPhase;
			buildActionMask = 2147483647;
			files = (
			);
			runOnlyForDeploymentPostprocessing = 0;
		};
/* End PBXFrameworksBuildPhase section */

/* Begin PBXGroup section */
		258CBA782F291ED400B6554C = {
			isa = PBXGroup;
			children = (
				258CBA832F291ED400B6554C /* M2Calculator_harrison */,
				258CBA9A2F291ED600B6554C /* M2Calculator_harrisonTests */,
				258CBAA42F291ED600B6554C /* M2Calculator_harrisonUITests */,
				258CBA822F291ED400B6554C /* Products */,
			);
			sourceTree = "<group>";
		};
		258CBA822F291ED400B6554C /* Products */ = {
			isa = PBXGroup;
			children = (
				258CBA812F291ED400B6554C /* M2Calculator_harrison.app */,
				258CBA972F291ED600B6554C /* M2Calculator_harrisonTests.xctest */,
				258CBAA12F291ED600B6554C /* M2Calculator_harrisonUITests.xctest */,
			);
			name = Products;
			sourceTree = "<group>";
		};
/* End PBXGroup section */

/* Begin PBXNativeTarget section */
		258CBA802F291ED400B6554C /* M2Calculator_harrison */ = {
			isa = PBXNativeTarget;
			buildConfigurationList = 258CBAAA2F291ED600B6554C /* Build configuration list for PBXNativeTarget "M2Calculator_harrison" */;
			buildPhases = (
				258CBA7D2F291ED400B6554C /* Sources */,
				258CBA7E2F291ED400B6554C /* Frameworks */,
				258CBA7F2F291ED400B6554C /* Resources */,
			);
			buildRules = (
			);
			dependencies = (
			);
			fileSystemSynchronizedGroups = (
				258CBA832F291ED400B6554C /* M2Calculator_harrison */,
			);
			name = M2Calculator_harrison;
			packageProductDependencies = (
			);
			productName = M2Calculator_harrison;
			productReference = 258CBA812F291ED400B6554C /* M2Calculator_harrison.app */;
			productType = "com.apple.product-type.application";
		};
		258CBA962F291ED600B6554C /* M2Calculator_harrisonTests */ = {
			isa = PBXNativeTarget;
			buildConfigurationList = 258CBAAF2F291ED600B6554C /* Build configuration list for PBXNativeTarget "M2Calculator_harrisonTests" */;
			buildPhases = (
				258CBA932F291ED600B6554C /* Sources */,
				258CBA942F291ED600B6554C /* Frameworks */,
				258CBA952F291ED600B6554C /* Resources */,
			);
			buildRules = (
			);
			dependencies = (
				258CBA992F291ED600B6554C /* PBXTargetDependency */,
			);
			fileSystemSynchronizedGroups = (
				258CBA9A2F291ED600B6554C /* M2Calculator_harrisonTests */,
			);
			name = M2Calculator_harrisonTests;
			packageProductDependencies = (
			);
			productName = M2Calculator_harrisonTests;
			productReference = 258CBA972F291ED600B6554C /* M2Calculator_harrisonTests.xctest */;
			productType = "com.apple.product-type.bundle.unit-test";
		};
		258CBAA02F291ED600B6554C /* M2Calculator_harrisonUITests */ = {
			isa = PBXNativeTarget;
			buildConfigurationList = 258CBAB22F291ED600B6554C /* Build configuration list for PBXNativeTarget "M2Calculator_harrisonUITests" */;
			buildPhases = (
				258CBA9D2F291ED600B6554C /* Sources */,
				258CBA9E2F291ED600B6554C /* Frameworks */,
				258CBA9F2F291ED600B6554C /* Resources */,
			);
			buildRules = (
			);
			dependencies = (
				258CBAA32F291ED600B6554C /* PBXTargetDependency */,
			);
			fileSystemSynchronizedGroups = (
				258CBAA42F291ED600B6554C /* M2Calculator_harrisonUITests */,
			);
			name = M2Calculator_harrisonUITests;
			packageProductDependencies = (
			);
			productName = M2Calculator_harrisonUITests;
			productReference = 258CBAA12F291ED600B6554C /* M2Calculator_harrisonUITests.xctest */;
			productType = "com.apple.product-type.bundle.ui-testing";
		};
/* End PBXNativeTarget section */

/* Begin PBXProject section */
		258CBA792F291ED400B6554C /* Project object */ = {
			isa = PBXProject;
			attributes = {
				BuildIndependentTargetsInParallel = 1;
				LastSwiftUpdateCheck = 1640;
				LastUpgradeCheck = 1640;
				TargetAttributes = {
					258CBA802F291ED400B6554C = {
						CreatedOnToolsVersion = 16.4;
					};
					258CBA962F291ED600B6554C = {
						CreatedOnToolsVersion = 16.4;
						TestTargetID = 258CBA802F291ED400B6554C;
					};
					258CBAA02F291ED600B6554C = {
						CreatedOnToolsVersion = 16.4;
						TestTargetID = 258CBA802F291ED400B6554C;
					};
				};
			};
			buildConfigurationList = 258CBA7C2F291ED400B6554C /* Build configuration list for PBXProject "M2Calculator_harrison" */;
			developmentRegion = en;
			hasScannedForEncodings = 0;
			knownRegions = (
				en,
				Base,
			);
			mainGroup = 258CBA782F291ED400B6554C;
			minimizedProjectReferenceProxies = 1;
			preferredProjectObjectVersion = 77;
			productRefGroup = 258CBA822F291ED400B6554C /* Products */;
			projectDirPath = "";
			projectRoot = "";
			targets = (
				258CBA802F291ED400B6554C /* M2Calculator_harrison */,
				258CBA962F291ED600B6554C /* M2Calculator_harrisonTests */,
				258CBAA02F291ED600B6554C /* M2Calculator_harrisonUITests */,
			);
		};
/* End PBXProject section */

/* Begin PBXResourcesBuildPhase section */
		258CBA7F2F291ED400B6554C /* Resources */ = {
			isa = PBXResourcesBuildPhase;
			buildActionMask = 2147483647;
			files = (
			);
			runOnlyForDeploymentPostprocessing = 0;
		};
		258CBA952F291ED600B6554C /* Resources */ = {
			isa = PBXResourcesBuildPhase;
			buildActionMask = 2147483647;
			files = (
			);
			runOnlyForDeploymentPostprocessing = 0;
		};
		258CBA9F2F291ED600B6554C /* Resources */ = {
			isa = PBXResourcesBuildPhase;
			buildActionMask = 2147483647;
			files = (
			);
			runOnlyForDeploymentPostprocessing = 0;
		};
/* End PBXResourcesBuildPhase section */

/* Begin PBXSourcesBuildPhase section */
		258CBA7D2F291ED400B6554C /* Sources */ = {
			isa = PBXSourcesBuildPhase;
			buildActionMask = 2147483647;
			files = (
			);
			runOnlyForDeploymentPostprocessing = 0;
		};
		258CBA932F291ED600B6554C /* Sources */ = {
			isa = PBXSourcesBuildPhase;
			buildActionMask = 2147483647;
			files = (
			);
			runOnlyForDeploymentPostprocessing = 0;
		};
		258CBA9D2F291ED600B6554C /* Sources */ = {
			isa = PBXSourcesBuildPhase;
			buildActionMask = 2147483647;
			files = (
			);
			runOnlyForDeploymentPostprocessing = 0;
		};
/* End PBXSourcesBuildPhase section */

/* Begin PBXTargetDependency section */
		258CBA992F291ED600B6554C /* PBXTargetDependency */ = {
			isa = PBXTargetDependency;
			target = 258CBA802F291ED400B6554C /* M2Calculator_harrison */;
			targetProxy = 258CBA982F291ED600B6554C /* PBXContainerItemProxy */;
		};
		258CBAA32F291ED600B6554C /* PBXTargetDependency */ = {
			isa = PBXTargetDependency;
			target = 258CBA802F291ED400B6554C /* M2Calculator_harrison */;
			targetProxy = 258CBAA22F291ED600B6554C /* PBXContainerItemProxy */;
		};
/* End PBXTargetDependency section */

/* Begin XCBuildConfiguration section */
		258CBAAB2F291ED600B6554C /* Debug */ = {
			isa = XCBuildConfiguration;
			buildSettings = {
				ASSETCATALOG_COMPILER_APPICON_NAME = AppIcon;
				ASSETCATALOG_COMPILER_GLOBAL_ACCENT_COLOR_NAME = AccentColor;
				CODE_SIGN_STYLE = Automatic;
				CURRENT_PROJECT_VERSION = 1;
				GENERATE_INFOPLIST_FILE = YES;
				INFOPLIST_FILE = M2Calculator_harrison/Info.plist;
				INFOPLIST_KEY_UIApplicationSupportsIndirectInputEvents = YES;
				INFOPLIST_KEY_UILaunchStoryboardName = LaunchScreen;
				INFOPLIST_KEY_UIMainStoryboardFile = Main;
				INFOPLIST_KEY_UISupportedInterfaceOrientations_iPad = "UIInterfaceOrientationPortrait UIInterfaceOrientationPortraitUpsideDown UIInterfaceOrientationLandscapeLeft UIInterfaceOrientationLandscapeRight";
				INFOPLIST_KEY_UISupportedInterfaceOrientations_iPhone = "UIInterfaceOrientationPortrait UIInterfaceOrientationLandscapeLeft UIInterfaceOrientationLandscapeRight";
				LD_RUNPATH_SEARCH_PATHS = (
					"$(inherited)",
					"@executable_path/Frameworks",
				);
				MARKETING_VERSION = 1.0;
				PRODUCT_BUNDLE_IDENTIFIER = "Harrison.M2Calculator-harrison";
				PRODUCT_NAME = "$(TARGET_NAME)";
				SWIFT_EMIT_LOC_STRINGS = YES;
				SWIFT_VERSION = 5.0;
				TARGETED_DEVICE_FAMILY = "1,2";
			};
			name = Debug;
		};
		258CBAAC2F291ED600B6554C /* Release */ = {
			isa = XCBuildConfiguration;
			buildSettings = {
				ASSETCATALOG_COMPILER_APPICON_NAME = AppIcon;
				ASSETCATALOG_COMPILER_GLOBAL_ACCENT_COLOR_NAME = AccentColor;
				CODE_SIGN_STYLE = Automatic;
				CURRENT_PROJECT_VERSION = 1;
				GENERATE_INFOPLIST_FILE = YES;
				INFOPLIST_FILE = M2Calculator_harrison/Info.plist;
				INFOPLIST_KEY_UIApplicationSupportsIndirectInputEvents = YES;
				INFOPLIST_KEY_UILaunchStoryboardName = LaunchScreen;
				INFOPLIST_KEY_UIMainStoryboardFile = Main;
				INFOPLIST_KEY_UISupportedInterfaceOrientations_iPad = "UIInterfaceOrientationPortrait UIInterfaceOrientationPortraitUpsideDown UIInterfaceOrientationLandscapeLeft UIInterfaceOrientationLandscapeRight";
				INFOPLIST_KEY_UISupportedInterfaceOrientations_iPhone = "UIInterfaceOrientationPortrait UIInterfaceOrientationLandscapeLeft UIInterfaceOrientationLandscapeRight";
				LD_RUNPATH_SEARCH_PATHS = (
					"$(inherited)",
					"@executable_path/Frameworks",
				);
				MARKETING_VERSION = 1.0;
				PRODUCT_BUNDLE_IDENTIFIER = "Harrison.M2Calculator-harrison";
				PRODUCT_NAME = "$(TARGET_NAME)";
				SWIFT_EMIT_LOC_STRINGS = YES;
				SWIFT_VERSION = 5.0;
				TARGETED_DEVICE_FAMILY = "1,2";
			};
			name = Release;
		};
		258CBAAD2F291ED600B6554C /* Debug */ = {
			isa = XCBuildConfiguration;
			buildSettings = {
				ALWAYS_SEARCH_USER_PATHS = NO;
				ASSETCATALOG_COMPILER_GENERATE_SWIFT_ASSET_SYMBOL_EXTENSIONS = YES;
				CLANG_ANALYZER_NONNULL = YES;
				CLANG_ANALYZER_NUMBER_OBJECT_CONVERSION = YES_AGGRESSIVE;
				CLANG_CXX_LANGUAGE_STANDARD = "gnu++20";
				CLANG_ENABLE_MODULES = YES;
				CLANG_ENABLE_OBJC_ARC = YES;
				CLANG_ENABLE_OBJC_WEAK = YES;
				CLANG_WARN_BLOCK_CAPTURE_AUTORELEASING = YES;
				CLANG_WARN_BOOL_CONVERSION = YES;
				CLANG_WARN_COMMA = YES;
				CLANG_WARN_CONSTANT_CONVERSION = YES;
				CLANG_WARN_DEPRECATED_OBJC_IMPLEMENTATIONS = YES;
				CLANG_WARN_DIRECT_OBJC_ISA_USAGE = YES_ERROR;
				CLANG_WARN_DOCUMENTATION_COMMENTS = YES;
				CLANG_WARN_EMPTY_BODY = YES;
				CLANG_WARN_ENUM_CONVERSION = YES;
				CLANG_WARN_INFINITE_RECURSION = YES;
				CLANG_WARN_INT_CONVERSION = YES;
				CLANG_WARN_NON_LITERAL_NULL_CONVERSION = YES;
				CLANG_WARN_OBJC_IMPLICIT_RETAIN_SELF = YES;
				CLANG_WARN_OBJC_LITERAL_CONVERSION = YES;
				CLANG_WARN_OBJC_ROOT_CLASS = YES_ERROR;
				CLANG_WARN_QUOTED_INCLUDE_IN_FRAMEWORK_HEADER = YES;
				CLANG_WARN_RANGE_LOOP_ANALYSIS = YES;
				CLANG_WARN_STRICT_PROTOTYPES = YES;
				CLANG_WARN_SUSPICIOUS_MOVE = YES;
				CLANG_WARN_UNGUARDED_AVAILABILITY = YES_AGGRESSIVE;
				CLANG_WARN_UNREACHABLE_CODE = YES;
				CLANG_WARN__DUPLICATE_METHOD_MATCH = YES;
				COPY_PHASE_STRIP = NO;
				DEBUG_INFORMATION_FORMAT = dwarf;
				ENABLE_STRICT_OBJC_MSGSEND = YES;
				ENABLE_TESTABILITY = YES;
				ENABLE_USER_SCRIPT_SANDBOXING = YES;
				GCC_C_LANGUAGE_STANDARD = gnu17;
				GCC_DYNAMIC_NO_PIC = NO;
				GCC_NO_COMMON_BLOCKS = YES;
				GCC_OPTIMIZATION_LEVEL = 0;
				GCC_PREPROCESSOR_DEFINITIONS = (
					"DEBUG=1",
					"$(inherited)",
				);
				GCC_WARN_64_TO_32_BIT_CONVERSION = YES;
				GCC_WARN_ABOUT_RETURN_TYPE = YES_ERROR;
				GCC_WARN_UNDECLARED_SELECTOR = YES;
				GCC_WARN_UNINITIALIZED_AUTOS = YES_AGGRESSIVE;
				GCC_WARN_UNUSED_FUNCTION = YES;
				GCC_WARN_UNUSED_VARIABLE = YES;
				IPHONEOS_DEPLOYMENT_TARGET = 18.5;
				LOCALIZATION_PREFERS_STRING_CATALOGS = YES;
				MTL_ENABLE_DEBUG_INFO = INCLUDE_SOURCE;
				MTL_FAST_MATH = YES;
				ONLY_ACTIVE_ARCH = YES;
				SDKROOT = iphoneos;
				SWIFT_ACTIVE_COMPILATION_CONDITIONS = "DEBUG $(inherited)";
				SWIFT_OPTIMIZATION_LEVEL = "-Onone";
			};
			name = Debug;
		};
		258CBAAE2F291ED600B6554C /* Release */ = {
			isa = XCBuildConfiguration;
			buildSettings = {
				ALWAYS_SEARCH_USER_PATHS = NO;
				ASSETCATALOG_COMPILER_GENERATE_SWIFT_ASSET_SYMBOL_EXTENSIONS = YES;
				CLANG_ANALYZER_NONNULL = YES;
				CLANG_ANALYZER_NUMBER_OBJECT_CONVERSION = YES_AGGRESSIVE;
				CLANG_CXX_LANGUAGE_STANDARD = "gnu++20";
				CLANG_ENABLE_MODULES = YES;
				CLANG_ENABLE_OBJC_ARC = YES;
				CLANG_ENABLE_OBJC_WEAK = YES;
				CLANG_WARN_BLOCK_CAPTURE_AUTORELEASING = YES;
				CLANG_WARN_BOOL_CONVERSION = YES;
				CLANG_WARN_COMMA = YES;
				CLANG_WARN_CONSTANT_CONVERSION = YES;
				CLANG_WARN_DEPRECATED_OBJC_IMPLEMENTATIONS = YES;
				CLANG_WARN_DIRECT_OBJC_ISA_USAGE = YES_ERROR;
				CLANG_WARN_DOCUMENTATION_COMMENTS = YES;
				CLANG_WARN_EMPTY_BODY = YES;
				CLANG_WARN_ENUM_CONVERSION = YES;
				CLANG_WARN_INFINITE_RECURSION = YES;
				CLANG_WARN_INT_CONVERSION = YES;
				CLANG_WARN_NON_LITERAL_NULL_CONVERSION = YES;
				CLANG_WARN_OBJC_IMPLICIT_RETAIN_SELF = YES;
				CLANG_WARN_OBJC_LITERAL_CONVERSION = YES;
				CLANG_WARN_OBJC_ROOT_CLASS = YES_ERROR;
				CLANG_WARN_QUOTED_INCLUDE_IN_FRAMEWORK_HEADER = YES;
				CLANG_WARN_RANGE_LOOP_ANALYSIS = YES;
				CLANG_WARN_STRICT_PROTOTYPES = YES;
				CLANG_WARN_SUSPICIOUS_MOVE = YES;
				CLANG_WARN_UNGUARDED_AVAILABILITY = YES_AGGRESSIVE;
				CLANG_WARN_UNREACHABLE_CODE = YES;
				CLANG_WARN__DUPLICATE_METHOD_MATCH = YES;
				COPY_PHASE_STRIP = NO;
				DEBUG_INFORMATION_FORMAT = "dwarf-with-dsym";
				ENABLE_NS_ASSERTIONS = NO;
				ENABLE_STRICT_OBJC_MSGSEND = YES;
				ENABLE_USER_SCRIPT_SANDBOXING = YES;
				GCC_C_LANGUAGE_STANDARD = gnu17;
				GCC_NO_COMMON_BLOCKS = YES;
				GCC_WARN_64_TO_32_BIT_CONVERSION = YES;
				GCC_WARN_ABOUT_RETURN_TYPE = YES_ERROR;
				GCC_WARN_UNDECLARED_SELECTOR = YES;
				GCC_WARN_UNINITIALIZED_AUTOS = YES_AGGRESSIVE;
				GCC_WARN_UNUSED_FUNCTION = YES;
				GCC_WARN_UNUSED_VARIABLE = YES;
				IPHONEOS_DEPLOYMENT_TARGET = 18.5;
				LOCALIZATION_PREFERS_STRING_CATALOGS = YES;
				MTL_ENABLE_DEBUG_INFO = NO;
				MTL_FAST_MATH = YES;
				SDKROOT = iphoneos;
				SWIFT_COMPILATION_MODE = wholemodule;
				VALIDATE_PRODUCT = YES;
			};
			name = Release;
		};
		258CBAB02F291ED600B6554C /* Debug */ = {
			isa = XCBuildConfiguration;
			buildSettings = {
				BUNDLE_LOADER = "$(TEST_HOST)";
				CODE_SIGN_STYLE = Automatic;
				CURRENT_PROJECT_VERSION = 1;
				GENERATE_INFOPLIST_FILE = YES;
				IPHONEOS_DEPLOYMENT_TARGET = 18.5;
				MARKETING_VERSION = 1.0;
				PRODUCT_BUNDLE_IDENTIFIER = "Harrison.M2Calculator-harrisonTests";
				PRODUCT_NAME = "$(TARGET_NAME)";
				SWIFT_EMIT_LOC_STRINGS = NO;
				SWIFT_VERSION = 5.0;
				TARGETED_DEVICE_FAMILY = "1,2";
				TEST_HOST = "$(BUILT_PRODUCTS_DIR)/M2Calculator_harrison.app/$(BUNDLE_EXECUTABLE_FOLDER_PATH)/M2Calculator_harrison";
			};
			name = Debug;
		};
		258CBAB12F291ED600B6554C /* Release */ = {
			isa = XCBuildConfiguration;
			buildSettings = {
				BUNDLE_LOADER = "$(TEST_HOST)";
				CODE_SIGN_STYLE = Automatic;
				CURRENT_PROJECT_VERSION = 1;
				GENERATE_INFOPLIST_FILE = YES;
				IPHONEOS_DEPLOYMENT_TARGET = 18.5;
				MARKETING_VERSION = 1.0;
				PRODUCT_BUNDLE_IDENTIFIER = "Harrison.M2Calculator-harrisonTests";
				PRODUCT_NAME = "$(TARGET_NAME)";
				SWIFT_EMIT_LOC_STRINGS = NO;
				SWIFT_VERSION = 5.0;
				TARGETED_DEVICE_FAMILY = "1,2";
				TEST_HOST = "$(BUILT_PRODUCTS_DIR)/M2Calculator_harrison.app/$(BUNDLE_EXECUTABLE_FOLDER_PATH)/M2Calculator_harrison";
			};
			name = Release;
		};
		258CBAB32F291ED600B6554C /* Debug */ = {
			isa = XCBuildConfiguration;
			buildSettings = {
				CODE_SIGN_STYLE = Automatic;
				CURRENT_PROJECT_VERSION = 1;
				GENERATE_INFOPLIST_FILE = YES;
				MARKETING_VERSION = 1.0;
				PRODUCT_BUNDLE_IDENTIFIER = "Harrison.M2Calculator-harrisonUITests";
				PRODUCT_NAME = "$(TARGET_NAME)";
				SWIFT_EMIT_LOC_STRINGS = NO;
				SWIFT_VERSION = 5.0;
				TARGETED_DEVICE_FAMILY = "1,2";
				TEST_TARGET_NAME = M2Calculator_harrison;
			};
			name = Debug;
		};
		258CBAB42F291ED600B6554C /* Release */ = {
			isa = XCBuildConfiguration;
			buildSettings = {
				CODE_SIGN_STYLE = Automatic;
				CURRENT_PROJECT_VERSION = 1;
				GENERATE_INFOPLIST_FILE = YES;
				MARKETING_VERSION = 1.0;
				PRODUCT_BUNDLE_IDENTIFIER = "Harrison.M2Calculator-harrisonUITests";
				PRODUCT_NAME = "$(TARGET_NAME)";
				SWIFT_EMIT_LOC_STRINGS = NO;
				SWIFT_VERSION = 5.0;
				TARGETED_DEVICE_FAMILY = "1,2";
				TEST_TARGET_NAME = M2Calculator_harrison;
			};
			name = Release;
		};
/* End XCBuildConfiguration section */

/* Begin XCConfigurationList section */
		258CBA7C2F291ED400B6554C /* Build configuration list for PBXProject "M2Calculator_harrison" */ = {
			isa = XCConfigurationList;
			buildConfigurations = (
				258CBAAD2F291ED600B6554C /* Debug */,
				258CBAAE2F291ED600B6554C /* Release */,
			);
			defaultConfigurationIsVisible = 0;
			defaultConfigurationName = Release;
		};
		258CBAAA2F291ED600B6554C /* Build configuration list for PBXNativeTarget "M2Calculator_harrison" */ = {
			isa = XCConfigurationList;
			buildConfigurations = (
				258CBAAB2F291ED600B6554C /* Debug */,
				258CBAAC2F291ED600B6554C /* Release */,
			);
			defaultConfigurationIsVisible = 0;
			defaultConfigurationName = Release;
		};
		258CBAAF2F291ED600B6554C /* Build configuration list for PBXNativeTarget "M2Calculator_harrisonTests" */ = {
			isa = XCConfigurationList;
			buildConfigurations = (
				258CBAB02F291ED600B6554C /* Debug */,
				258CBAB12F291ED600B6554C /* Release */,
			);
			defaultConfigurationIsVisible = 0;
			defaultConfigurationName = Release;
		};
		258CBAB22F291ED600B6554C /* Build configuration list for PBXNativeTarget "M2Calculator_harrisonUITests" */ = {
			isa = XCConfigurationList;
			buildConfigurations = (
				258CBAB32F291ED600B6554C /* Debug */,
				258CBAB42F291ED600B6554C /* Release */,
			);
			defaultConfigurationIsVisible = 0;
			defaultConfigurationName = Release;
		};
/* End XCConfigurationList section */
	};
	rootObject = 258CBA792F291ED400B6554C /* Project object */;
}
